
Microsoft Visual Studio Solution File, Format Version 12.00
# Visual Studio Version 16
VisualStudioVersion = 16.0.31105.61
MinimumVisualStudioVersion = 10.0.40219.1
Project("{9A19103F-16F7-4668-BE54-9A1E7A4F7556}") = "BookShelf", "BookShelf\BookShelf.csproj", "{53967AAA-7572-46F0-BFFD-6A54C749C679}"
EndProject
Project("{FAE04EC0-301F-11D3-BF4B-00C04F79EFBC}") = "BookShelfTests", "BookShelfTests\BookShelfTests.csproj", "{8BF9B5ED-056F-4777-B380-6CAB66DBFBCC}"
EndProject
Global
	GlobalSection(SolutionConfigurationPlatforms) = preSolution
		Debug|Any CPU = Debug|Any CPU
		Release|Any CPU = Release|Any CPU
	EndGlobalSection
	GlobalSection(ProjectConfigurationPlatforms) = postSolution
		{53967AAA-7572-46F0-BFFD-6A54C749C679}.Debug|Any CPU.ActiveCfg = Debug|Any CPU
		{53967AAA-7572-46F0-BFFD-6A54C749C679}.Debug|Any CPU.Build.0 = Debug|Any CPU
		{53967AAA-7572-46F0-BFFD-6A54C749C679}.Release|Any CPU.ActiveCfg = Release|Any CPU
		{53967AAA-7572-46F0-BFFD-6A54C749C679}.Release|Any CPU.Build.0 = Release|Any CPU
		{8BF9B5ED-056F-4777-B380-6CAB66DBFBCC}.Debug|Any CPU.ActiveCfg = Debug|Any CPU
		{8BF9B5ED-056F-4777-B380-6CAB66DBFBCC}.Debug|Any CPU.Build.0 = Debug|Any CPU
		{8BF9B5ED-056F-4777-B380-6CAB66DBFBCC}.Release|Any CPU.ActiveCfg = Release|Any CPU
		{8BF9B5ED-056F-4777-B380-6CAB66DBFBCC}.Release|Any CPU.Build.0 = Release|Any CPU
	EndGlobalSection
	GlobalSection(SolutionProperties) = preSolution
		HideSolutionNode = FALSE
	EndGlobalSection
	GlobalSection(ExtensibilityGlobals) = postSolution
		SolutionGuid = {D868D579-52E0-4BE3-9F24-DAF81E30751B}
	EndGlobalSection
EndGlobal
